
Microsoft Visual Studio Solution File, Format Version 12.00
# Visual Studio 2012
Project("{FAE04EC0-301F-11D3-BF4B-00C04F79EFBC}") = "OpapPsdSplitter", "OpapPsdSplitter\OpapPsdSplitter.csproj", "{249B3024-396D-4D0F-A3DB-1FD8B4CD67F1}"
EndProject
Global
	GlobalSection(SolutionConfigurationPlatforms) = preSolution
		Debug|Any CPU = Debug|Any CPU
		Release|Any CPU = Release|Any CPU
	EndGlobalSection
	GlobalSection(ProjectConfigurationPlatforms) = postSolution
		{249B3024-396D-4D0F-A3DB-1FD8B4CD67F1}.Debug|Any CPU.ActiveCfg = Debug|Any CPU
		{249B3024-396D-4D0F-A3DB-1FD8B4CD67F1}.Debug|Any CPU.Build.0 = Debug|Any CPU
		{249B3024-396D-4D0F-A3DB-1FD8B4CD67F1}.Release|Any CPU.ActiveCfg = Release|Any CPU
		{249B3024-396D-4D0F-A3DB-1FD8B4CD67F1}.Release|Any CPU.Build.0 = Release|Any CPU
	EndGlobalSection
	GlobalSection(SolutionProperties) = preSolution
		HideSolutionNode = FALSE
	EndGlobalSection
EndGlobal
